
Microsoft Visual Studio Solution File, Format Version 12.00
# Visual Studio Version 17
VisualStudioVersion = 17.0.31903.59
MinimumVisualStudioVersion = 10.0.40219.1
Project("{2150E333-8FDC-42A3-9474-1A3956D46DE8}") = "src", "src", "{827E0CD3-B72D-47B6-A68D-7590B98EB39B}"
EndProject
Project("{FAE04EC0-301F-11D3-BF4B-00C04F79EFBC}") = "Bookstore.WebHost", "src\Bookstore.WebHost\Bookstore.WebHost.csproj", "{4A4930B1-6663-4971-AEEC-4F00BD899FBA}"
EndProject
Project("{FAE04EC0-301F-11D3-BF4B-00C04F79EFBC}") = "Bookstore.Infrastructure", "src\Bookstore.Infrastructure\Bookstore.Infrastructure.csproj", "{6CC55BFE-924E-46D0-85C5-7286EA11A694}"
EndProject
Project("{2150E333-8FDC-42A3-9474-1A3956D46DE8}") = "Modules", "Modules", "{EC447DCF-ABFA-6E24-52A5-D7FD48A5C558}"
EndProject
Project("{FAE04EC0-301F-11D3-BF4B-00C04F79EFBC}") = "Bookstore.Module.Core", "src\Modules\Bookstore.Module.Core\Bookstore.Module.Core.csproj", "{00D2C50B-E803-47CA-BAEB-19FCDBCCD9D6}"
EndProject
Project("{FAE04EC0-301F-11D3-BF4B-00C04F79EFBC}") = "Bookstore.Module.Catalog", "src\Modules\Bookstore.Module.Catalog\Bookstore.Module.Catalog.csproj", "{32B564C3-527C-4C70-B6B7-C59F5B43ACCF}"
EndProject
Project("{FAE04EC0-301F-11D3-BF4B-00C04F79EFBC}") = "Bookstore.Module.Orders", "src\Modules\Bookstore.Module.Orders\Bookstore.Module.Orders.csproj", "{878F4A65-0345-4C73-ACF8-5A08BB1FEB07}"
EndProject
Project("{FAE04EC0-301F-11D3-BF4B-00C04F79EFBC}") = "Bookstore.Module.Users", "src\Modules\Bookstore.Module.Users\Bookstore.Module.Users.csproj", "{186A18A7-E23D-4318-8738-645C22BA2C23}"
EndProject
Project("{2150E333-8FDC-42A3-9474-1A3956D46DE8}") = "tests", "tests", "{0AB3BF05-4346-4AA6-1389-037BE0695223}"
EndProject
Project("{FAE04EC0-301F-11D3-BF4B-00C04F79EFBC}") = "Bookstore.UnitTests", "tests\Bookstore.UnitTests\Bookstore.UnitTests.csproj", "{DAC0F209-40CB-4A5C-94DD-7EE7140F358F}"
EndProject
Global
	GlobalSection(SolutionConfigurationPlatforms) = preSolution
		Debug|Any CPU = Debug|Any CPU
		Debug|x64 = Debug|x64
		Debug|x86 = Debug|x86
		Release|Any CPU = Release|Any CPU
		Release|x64 = Release|x64
		Release|x86 = Release|x86
	EndGlobalSection
	GlobalSection(ProjectConfigurationPlatforms) = postSolution
		{4A4930B1-6663-4971-AEEC-4F00BD899FBA}.Debug|Any CPU.ActiveCfg = Debug|Any CPU
		{4A4930B1-6663-4971-AEEC-4F00BD899FBA}.Debug|Any CPU.Build.0 = Debug|Any CPU
		{4A4930B1-6663-4971-AEEC-4F00BD899FBA}.Debug|x64.ActiveCfg = Debug|Any CPU
		{4A4930B1-6663-4971-AEEC-4F00BD899FBA}.Debug|x64.Build.0 = Debug|Any CPU
		{4A4930B1-6663-4971-AEEC-4F00BD899FBA}.Debug|x86.ActiveCfg = Debug|Any CPU
		{4A4930B1-6663-4971-AEEC-4F00BD899FBA}.Debug|x86.Build.0 = Debug|Any CPU
		{4A4930B1-6663-4971-AEEC-4F00BD899FBA}.Release|Any CPU.ActiveCfg = Release|Any CPU
		{4A4930B1-6663-4971-AEEC-4F00BD899FBA}.Release|Any CPU.Build.0 = Release|Any CPU
		{4A4930B1-6663-4971-AEEC-4F00BD899FBA}.Release|x64.ActiveCfg = Release|Any CPU
		{4A4930B1-6663-4971-AEEC-4F00BD899FBA}.Release|x64.Build.0 = Release|Any CPU
		{4A4930B1-6663-4971-AEEC-4F00BD899FBA}.Release|x86.ActiveCfg = Release|Any CPU
		{4A4930B1-6663-4971-AEEC-4F00BD899FBA}.Release|x86.Build.0 = Release|Any CPU
		{6CC55BFE-924E-46D0-85C5-7286EA11A694}.Debug|Any CPU.ActiveCfg = Debug|Any CPU
		{6CC55BFE-924E-46D0-85C5-7286EA11A694}.Debug|Any CPU.Build.0 = Debug|Any CPU
		{6CC55BFE-924E-46D0-85C5-7286EA11A694}.Debug|x64.ActiveCfg = Debug|Any CPU
		{6CC55BFE-924E-46D0-85C5-7286EA11A694}.Debug|x64.Build.0 = Debug|Any CPU
		{6CC55BFE-924E-46D0-85C5-7286EA11A694}.Debug|x86.ActiveCfg = Debug|Any CPU
		{6CC55BFE-924E-46D0-85C5-7286EA11A694}.Debug|x86.Build.0 = Debug|Any CPU
		{6CC55BFE-924E-46D0-85C5-7286EA11A694}.Release|Any CPU.ActiveCfg = Release|Any CPU
		{6CC55BFE-924E-46D0-85C5-7286EA11A694}.Release|Any CPU.Build.0 = Release|Any CPU
		{6CC55BFE-924E-46D0-85C5-7286EA11A694}.Release|x64.ActiveCfg = Release|Any CPU
		{6CC55BFE-924E-46D0-85C5-7286EA11A694}.Release|x64.Build.0 = Release|Any CPU
		{6CC55BFE-924E-46D0-85C5-7286EA11A694}.Release|x86.ActiveCfg = Release|Any CPU
		{6CC55BFE-924E-46D0-85C5-7286EA11A694}.Release|x86.Build.0 = Release|Any CPU
		{00D2C50B-E803-47CA-BAEB-19FCDBCCD9D6}.Debug|Any CPU.ActiveCfg = Debug|Any CPU
		{00D2C50B-E803-47CA-BAEB-19FCDBCCD9D6}.Debug|Any CPU.Build.0 = Debug|Any CPU
		{00D2C50B-E803-47CA-BAEB-19FCDBCCD9D6}.Debug|x64.ActiveCfg = Debug|Any CPU
		{00D2C50B-E803-47CA-BAEB-19FCDBCCD9D6}.Debug|x64.Build.0 = Debug|Any CPU
		{00D2C50B-E803-47CA-BAEB-19FCDBCCD9D6}.Debug|x86.ActiveCfg = Debug|Any CPU
		{00D2C50B-E803-47CA-BAEB-19FCDBCCD9D6}.Debug|x86.Build.0 = Debug|Any CPU
		{00D2C50B-E803-47CA-BAEB-19FCDBCCD9D6}.Release|Any CPU.ActiveCfg = Release|Any CPU
		{00D2C50B-E803-47CA-BAEB-19FCDBCCD9D6}.Release|Any CPU.Build.0 = Release|Any CPU
		{00D2C50B-E803-47CA-BAEB-19FCDBCCD9D6}.Release|x64.ActiveCfg = Release|Any CPU
		{00D2C50B-E803-47CA-BAEB-19FCDBCCD9D6}.Release|x64.Build.0 = Release|Any CPU
		{00D2C50B-E803-47CA-BAEB-19FCDBCCD9D6}.Release|x86.ActiveCfg = Release|Any CPU
		{00D2C50B-E803-47CA-BAEB-19FCDBCCD9D6}.Release|x86.Build.0 = Release|Any CPU
		{32B564C3-527C-4C70-B6B7-C59F5B43ACCF}.Debug|Any CPU.ActiveCfg = Debug|Any CPU
		{32B564C3-527C-4C70-B6B7-C59F5B43ACCF}.Debug|Any CPU.Build.0 = Debug|Any CPU
		{32B564C3-527C-4C70-B6B7-C59F5B43ACCF}.Debug|x64.ActiveCfg = Debug|Any CPU
		{32B564C3-527C-4C70-B6B7-C59F5B43ACCF}.Debug|x64.Build.0 = Debug|Any CPU
		{32B564C3-527C-4C70-B6B7-C59F5B43ACCF}.Debug|x86.ActiveCfg = Debug|Any CPU
		{32B564C3-527C-4C70-B6B7-C59F5B43ACCF}.Debug|x86.Build.0 = Debug|Any CPU
		{32B564C3-527C-4C70-B6B7-C59F5B43ACCF}.Release|Any CPU.ActiveCfg = Release|Any CPU
		{32B564C3-527C-4C70-B6B7-C59F5B43ACCF}.Release|Any CPU.Build.0 = Release|Any CPU
		{32B564C3-527C-4C70-B6B7-C59F5B43ACCF}.Release|x64.ActiveCfg = Release|Any CPU
		{32B564C3-527C-4C70-B6B7-C59F5B43ACCF}.Release|x64.Build.0 = Release|Any CPU
		{32B564C3-527C-4C70-B6B7-C59F5B43ACCF}.Release|x86.ActiveCfg = Release|Any CPU
		{32B564C3-527C-4C70-B6B7-C59F5B43ACCF}.Release|x86.Build.0 = Release|Any CPU
		{878F4A65-0345-4C73-ACF8-5A08BB1FEB07}.Debug|Any CPU.ActiveCfg = Debug|Any CPU
		{878F4A65-0345-4C73-ACF8-5A08BB1FEB07}.Debug|Any CPU.Build.0 = Debug|Any CPU
		{878F4A65-0345-4C73-ACF8-5A08BB1FEB07}.Debug|x64.ActiveCfg = Debug|Any CPU
		{878F4A65-0345-4C73-ACF8-5A08BB1FEB07}.Debug|x64.Build.0 = Debug|Any CPU
		{878F4A65-0345-4C73-ACF8-5A08BB1FEB07}.Debug|x86.ActiveCfg = Debug|Any CPU
		{878F4A65-0345-4C73-ACF8-5A08BB1FEB07}.Debug|x86.Build.0 = Debug|Any CPU
		{878F4A65-0345-4C73-ACF8-5A08BB1FEB07}.Release|Any CPU.ActiveCfg = Release|Any CPU
		{878F4A65-0345-4C73-ACF8-5A08BB1FEB07}.Release|Any CPU.Build.0 = Release|Any CPU
		{878F4A65-0345-4C73-ACF8-5A08BB1FEB07}.Release|x64.ActiveCfg = Release|Any CPU
		{878F4A65-0345-4C73-ACF8-5A08BB1FEB07}.Release|x64.Build.0 = Release|Any CPU
		{878F4A65-0345-4C73-ACF8-5A08BB1FEB07}.Release|x86.ActiveCfg = Release|Any CPU
		{878F4A65-0345-4C73-ACF8-5A08BB1FEB07}.Release|x86.Build.0 = Release|Any CPU
		{186A18A7-E23D-4318-8738-645C22BA2C23}.Debug|Any CPU.ActiveCfg = Debug|Any CPU
		{186A18A7-E23D-4318-8738-645C22BA2C23}.Debug|Any CPU.Build.0 = Debug|Any CPU
		{186A18A7-E23D-4318-8738-645C22BA2C23}.Debug|x64.ActiveCfg = Debug|Any CPU
		{186A18A7-E23D-4318-8738-645C22BA2C23}.Debug|x64.Build.0 = Debug|Any CPU
		{186A18A7-E23D-4318-8738-645C22BA2C23}.Debug|x86.ActiveCfg = Debug|Any CPU
		{186A18A7-E23D-4318-8738-645C22BA2C23}.Debug|x86.Build.0 = Debug|Any CPU
		{186A18A7-E23D-4318-8738-645C22BA2C23}.Release|Any CPU.ActiveCfg = Release|Any CPU
		{186A18A7-E23D-4318-8738-645C22BA2C23}.Release|Any CPU.Build.0 = Release|Any CPU
		{186A18A7-E23D-4318-8738-645C22BA2C23}.Release|x64.ActiveCfg = Release|Any CPU
		{186A18A7-E23D-4318-8738-645C22BA2C23}.Release|x64.Build.0 = Release|Any CPU
		{186A18A7-E23D-4318-8738-645C22BA2C23}.Release|x86.ActiveCfg = Release|Any CPU
		{186A18A7-E23D-4318-8738-645C22BA2C23}.Release|x86.Build.0 = Release|Any CPU
		{DAC0F209-40CB-4A5C-94DD-7EE7140F358F}.Debug|Any CPU.ActiveCfg = Debug|Any CPU
		{DAC0F209-40CB-4A5C-94DD-7EE7140F358F}.Debug|Any CPU.Build.0 = Debug|Any CPU
		{DAC0F209-40CB-4A5C-94DD-7EE7140F358F}.Debug|x64.ActiveCfg = Debug|Any CPU
		{DAC0F209-40CB-4A5C-94DD-7EE7140F358F}.Debug|x64.Build.0 = Debug|Any CPU
		{DAC0F209-40CB-4A5C-94DD-7EE7140F358F}.Debug|x86.ActiveCfg = Debug|Any CPU
		{DAC0F209-40CB-4A5C-94DD-7EE7140F358F}.Debug|x86.Build.0 = Debug|Any CPU
		{DAC0F209-40CB-4A5C-94DD-7EE7140F358F}.Release|Any CPU.ActiveCfg = Release|Any CPU
		{DAC0F209-40CB-4A5C-94DD-7EE7140F358F}.Release|Any CPU.Build.0 = Release|Any CPU
		{DAC0F209-40CB-4A5C-94DD-7EE7140F358F}.Release|x64.ActiveCfg = Release|Any CPU
		{DAC0F209-40CB-4A5C-94DD-7EE7140F358F}.Release|x64.Build.0 = Release|Any CPU
		{DAC0F209-40CB-4A5C-94DD-7EE7140F358F}.Release|x86.ActiveCfg = Release|Any CPU
		{DAC0F209-40CB-4A5C-94DD-7EE7140F358F}.Release|x86.Build.0 = Release|Any CPU
	EndGlobalSection
	GlobalSection(SolutionProperties) = preSolution
		HideSolutionNode = FALSE
	EndGlobalSection
	GlobalSection(NestedProjects) = preSolution
		{4A4930B1-6663-4971-AEEC-4F00BD899FBA} = {827E0CD3-B72D-47B6-A68D-7590B98EB39B}
		{6CC55BFE-924E-46D0-85C5-7286EA11A694} = {827E0CD3-B72D-47B6-A68D-7590B98EB39B}
		{EC447DCF-ABFA-6E24-52A5-D7FD48A5C558} = {827E0CD3-B72D-47B6-A68D-7590B98EB39B}
		{00D2C50B-E803-47CA-BAEB-19FCDBCCD9D6} = {EC447DCF-ABFA-6E24-52A5-D7FD48A5C558}
		{32B564C3-527C-4C70-B6B7-C59F5B43ACCF} = {EC447DCF-ABFA-6E24-52A5-D7FD48A5C558}
		{878F4A65-0345-4C73-ACF8-5A08BB1FEB07} = {EC447DCF-ABFA-6E24-52A5-D7FD48A5C558}
		{186A18A7-E23D-4318-8738-645C22BA2C23} = {EC447DCF-ABFA-6E24-52A5-D7FD48A5C558}
		{DAC0F209-40CB-4A5C-94DD-7EE7140F358F} = {0AB3BF05-4346-4AA6-1389-037BE0695223}
	EndGlobalSection
EndGlobal
